
Microsoft Visual Studio Solution File, Format Version 12.00
# Visual Studio Version 17
VisualStudioVersion = 17.5.002.0
MinimumVisualStudioVersion = 10.0.40219.1
Project("{9A19103F-16F7-4668-BE54-9A1E7A4F7556}") = "PractiseDemo", "PractiseDemo.csproj", "{5B1CCFCB-06A9-4349-93FA-0B3F37D8393C}"
EndProject
Global
	GlobalSection(SolutionConfigurationPlatforms) = preSolution
		Debug|Any CPU = Debug|Any CPU
		Release|Any CPU = Release|Any CPU
	EndGlobalSection
	GlobalSection(ProjectConfigurationPlatforms) = postSolution
		{5B1CCFCB-06A9-4349-93FA-0B3F37D8393C}.Debug|Any CPU.ActiveCfg = Debug|Any CPU
		{5B1CCFCB-06A9-4349-93FA-0B3F37D8393C}.Debug|Any CPU.Build.0 = Debug|Any CPU
		{5B1CCFCB-06A9-4349-93FA-0B3F37D8393C}.Release|Any CPU.ActiveCfg = Release|Any CPU
		{5B1CCFCB-06A9-4349-93FA-0B3F37D8393C}.Release|Any CPU.Build.0 = Release|Any CPU
	EndGlobalSection
	GlobalSection(SolutionProperties) = preSolution
		HideSolutionNode = FALSE
	EndGlobalSection
	GlobalSection(ExtensibilityGlobals) = postSolution
		SolutionGuid = {0FA732CA-8C1E-4333-8543-8B7320C8DE86}
	EndGlobalSection
EndGlobal
